
Microsoft Visual Studio Solution File, Format Version 12.00
# Visual Studio Version 17
VisualStudioVersion = 17.0.31903.59
MinimumVisualStudioVersion = 10.0.40219.1
Project("{2150E333-8FDC-42A3-9474-1A3956D46DE8}") = "Admin", "Admin", "{08363F22-23A7-70B7-557A-C076A2D48378}"
EndProject
Project("{FAE04EC0-301F-11D3-BF4B-00C04F79EFBC}") = "PGLLMS.Admin.Domain", "Admin\PGLLMS.Admin.Domain\PGLLMS.Admin.Domain.csproj", "{362A7079-7513-485C-BEE7-E08EA929D6E8}"
EndProject
Project("{FAE04EC0-301F-11D3-BF4B-00C04F79EFBC}") = "PGLLMS.Admin.Application", "Admin\PGLLMS.Admin.Application\PGLLMS.Admin.Application.csproj", "{820B6528-A314-4F2B-BA54-BC878D00E3B6}"
EndProject
Project("{FAE04EC0-301F-11D3-BF4B-00C04F79EFBC}") = "PGLLMS.Admin.Infrastructure", "Admin\PGLLMS.Admin.Infrastructure\PGLLMS.Admin.Infrastructure.csproj", "{A736CC16-390E-45AC-87A3-A5693193EFB5}"
EndProject
Project("{FAE04EC0-301F-11D3-BF4B-00C04F79EFBC}") = "PGLLMS.Admin.API", "Admin\PGLLMS.Admin.API\PGLLMS.Admin.API.csproj", "{C9CED251-36D0-4245-A4D3-73CEB6AF90A1}"
EndProject
Project("{2150E333-8FDC-42A3-9474-1A3956D46DE8}") = "Portal", "Portal", "{B1292CBF-CB5E-31CF-04F4-73CB58F131DA}"
EndProject
Project("{FAE04EC0-301F-11D3-BF4B-00C04F79EFBC}") = "PGLLMS.Portal.API", "Portal\PGLLMS.Portal.API\PGLLMS.Portal.API.csproj", "{09371A83-E78D-4F5A-8B24-C4C0D461391C}"
EndProject
Global
	GlobalSection(SolutionConfigurationPlatforms) = preSolution
		Debug|Any CPU = Debug|Any CPU
		Debug|x64 = Debug|x64
		Debug|x86 = Debug|x86
		Release|Any CPU = Release|Any CPU
		Release|x64 = Release|x64
		Release|x86 = Release|x86
	EndGlobalSection
	GlobalSection(ProjectConfigurationPlatforms) = postSolution
		{362A7079-7513-485C-BEE7-E08EA929D6E8}.Debug|Any CPU.ActiveCfg = Debug|Any CPU
		{362A7079-7513-485C-BEE7-E08EA929D6E8}.Debug|Any CPU.Build.0 = Debug|Any CPU
		{362A7079-7513-485C-BEE7-E08EA929D6E8}.Debug|x64.ActiveCfg = Debug|Any CPU
		{362A7079-7513-485C-BEE7-E08EA929D6E8}.Debug|x64.Build.0 = Debug|Any CPU
		{362A7079-7513-485C-BEE7-E08EA929D6E8}.Debug|x86.ActiveCfg = Debug|Any CPU
		{362A7079-7513-485C-BEE7-E08EA929D6E8}.Debug|x86.Build.0 = Debug|Any CPU
		{362A7079-7513-485C-BEE7-E08EA929D6E8}.Release|Any CPU.ActiveCfg = Release|Any CPU
		{362A7079-7513-485C-BEE7-E08EA929D6E8}.Release|Any CPU.Build.0 = Release|Any CPU
		{362A7079-7513-485C-BEE7-E08EA929D6E8}.Release|x64.ActiveCfg = Release|Any CPU
		{362A7079-7513-485C-BEE7-E08EA929D6E8}.Release|x64.Build.0 = Release|Any CPU
		{362A7079-7513-485C-BEE7-E08EA929D6E8}.Release|x86.ActiveCfg = Release|Any CPU
		{362A7079-7513-485C-BEE7-E08EA929D6E8}.Release|x86.Build.0 = Release|Any CPU
		{820B6528-A314-4F2B-BA54-BC878D00E3B6}.Debug|Any CPU.ActiveCfg = Debug|Any CPU
		{820B6528-A314-4F2B-BA54-BC878D00E3B6}.Debug|Any CPU.Build.0 = Debug|Any CPU
		{820B6528-A314-4F2B-BA54-BC878D00E3B6}.Debug|x64.ActiveCfg = Debug|Any CPU
		{820B6528-A314-4F2B-BA54-BC878D00E3B6}.Debug|x64.Build.0 = Debug|Any CPU
		{820B6528-A314-4F2B-BA54-BC878D00E3B6}.Debug|x86.ActiveCfg = Debug|Any CPU
		{820B6528-A314-4F2B-BA54-BC878D00E3B6}.Debug|x86.Build.0 = Debug|Any CPU
		{820B6528-A314-4F2B-BA54-BC878D00E3B6}.Release|Any CPU.ActiveCfg = Release|Any CPU
		{820B6528-A314-4F2B-BA54-BC878D00E3B6}.Release|Any CPU.Build.0 = Release|Any CPU
		{820B6528-A314-4F2B-BA54-BC878D00E3B6}.Release|x64.ActiveCfg = Release|Any CPU
		{820B6528-A314-4F2B-BA54-BC878D00E3B6}.Release|x64.Build.0 = Release|Any CPU
		{820B6528-A314-4F2B-BA54-BC878D00E3B6}.Release|x86.ActiveCfg = Release|Any CPU
		{820B6528-A314-4F2B-BA54-BC878D00E3B6}.Release|x86.Build.0 = Release|Any CPU
		{A736CC16-390E-45AC-87A3-A5693193EFB5}.Debug|Any CPU.ActiveCfg = Debug|Any CPU
		{A736CC16-390E-45AC-87A3-A5693193EFB5}.Debug|Any CPU.Build.0 = Debug|Any CPU
		{A736CC16-390E-45AC-87A3-A5693193EFB5}.Debug|x64.ActiveCfg = Debug|Any CPU
		{A736CC16-390E-45AC-87A3-A5693193EFB5}.Debug|x64.Build.0 = Debug|Any CPU
		{A736CC16-390E-45AC-87A3-A5693193EFB5}.Debug|x86.ActiveCfg = Debug|Any CPU
		{A736CC16-390E-45AC-87A3-A5693193EFB5}.Debug|x86.Build.0 = Debug|Any CPU
		{A736CC16-390E-45AC-87A3-A5693193EFB5}.Release|Any CPU.ActiveCfg = Release|Any CPU
		{A736CC16-390E-45AC-87A3-A5693193EFB5}.Release|Any CPU.Build.0 = Release|Any CPU
		{A736CC16-390E-45AC-87A3-A5693193EFB5}.Release|x64.ActiveCfg = Release|Any CPU
		{A736CC16-390E-45AC-87A3-A5693193EFB5}.Release|x64.Build.0 = Release|Any CPU
		{A736CC16-390E-45AC-87A3-A5693193EFB5}.Release|x86.ActiveCfg = Release|Any CPU
		{A736CC16-390E-45AC-87A3-A5693193EFB5}.Release|x86.Build.0 = Release|Any CPU
		{C9CED251-36D0-4245-A4D3-73CEB6AF90A1}.Debug|Any CPU.ActiveCfg = Debug|Any CPU
		{C9CED251-36D0-4245-A4D3-73CEB6AF90A1}.Debug|Any CPU.Build.0 = Debug|Any CPU
		{C9CED251-36D0-4245-A4D3-73CEB6AF90A1}.Debug|x64.ActiveCfg = Debug|Any CPU
		{C9CED251-36D0-4245-A4D3-73CEB6AF90A1}.Debug|x64.Build.0 = Debug|Any CPU
		{C9CED251-36D0-4245-A4D3-73CEB6AF90A1}.Debug|x86.ActiveCfg = Debug|Any CPU
		{C9CED251-36D0-4245-A4D3-73CEB6AF90A1}.Debug|x86.Build.0 = Debug|Any CPU
		{C9CED251-36D0-4245-A4D3-73CEB6AF90A1}.Release|Any CPU.ActiveCfg = Release|Any CPU
		{C9CED251-36D0-4245-A4D3-73CEB6AF90A1}.Release|Any CPU.Build.0 = Release|Any CPU
		{C9CED251-36D0-4245-A4D3-73CEB6AF90A1}.Release|x64.ActiveCfg = Release|Any CPU
		{C9CED251-36D0-4245-A4D3-73CEB6AF90A1}.Release|x64.Build.0 = Release|Any CPU
		{C9CED251-36D0-4245-A4D3-73CEB6AF90A1}.Release|x86.ActiveCfg = Release|Any CPU
		{C9CED251-36D0-4245-A4D3-73CEB6AF90A1}.Release|x86.Build.0 = Release|Any CPU
		{09371A83-E78D-4F5A-8B24-C4C0D461391C}.Debug|Any CPU.ActiveCfg = Debug|Any CPU
		{09371A83-E78D-4F5A-8B24-C4C0D461391C}.Debug|Any CPU.Build.0 = Debug|Any CPU
		{09371A83-E78D-4F5A-8B24-C4C0D461391C}.Debug|x64.ActiveCfg = Debug|Any CPU
		{09371A83-E78D-4F5A-8B24-C4C0D461391C}.Debug|x64.Build.0 = Debug|Any CPU
		{09371A83-E78D-4F5A-8B24-C4C0D461391C}.Debug|x86.ActiveCfg = Debug|Any CPU
		{09371A83-E78D-4F5A-8B24-C4C0D461391C}.Debug|x86.Build.0 = Debug|Any CPU
		{09371A83-E78D-4F5A-8B24-C4C0D461391C}.Release|Any CPU.ActiveCfg = Release|Any CPU
		{09371A83-E78D-4F5A-8B24-C4C0D461391C}.Release|Any CPU.Build.0 = Release|Any CPU
		{09371A83-E78D-4F5A-8B24-C4C0D461391C}.Release|x64.ActiveCfg = Release|Any CPU
		{09371A83-E78D-4F5A-8B24-C4C0D461391C}.Release|x64.Build.0 = Release|Any CPU
		{09371A83-E78D-4F5A-8B24-C4C0D461391C}.Release|x86.ActiveCfg = Release|Any CPU
		{09371A83-E78D-4F5A-8B24-C4C0D461391C}.Release|x86.Build.0 = Release|Any CPU
	EndGlobalSection
	GlobalSection(SolutionProperties) = preSolution
		HideSolutionNode = FALSE
	EndGlobalSection
	GlobalSection(NestedProjects) = preSolution
		{362A7079-7513-485C-BEE7-E08EA929D6E8} = {08363F22-23A7-70B7-557A-C076A2D48378}
		{820B6528-A314-4F2B-BA54-BC878D00E3B6} = {08363F22-23A7-70B7-557A-C076A2D48378}
		{A736CC16-390E-45AC-87A3-A5693193EFB5} = {08363F22-23A7-70B7-557A-C076A2D48378}
		{C9CED251-36D0-4245-A4D3-73CEB6AF90A1} = {08363F22-23A7-70B7-557A-C076A2D48378}
		{09371A83-E78D-4F5A-8B24-C4C0D461391C} = {B1292CBF-CB5E-31CF-04F4-73CB58F131DA}
	EndGlobalSection
EndGlobal
